// !$*UTF8*$!
{
	archiveVersion = 1;
	classes = {
	};
	objectVersion = 77;
	objects = {

/* Begin PBXBuildFile section */
		5007031B2F6515410016FBBB /* GhosttyTerminal in Frameworks */ = {isa = PBXBuildFile; productRef = 5007031A2F6515410016FBBB /* GhosttyTerminal */; };
		503AA0B62F685D3C00D5C113 /* ShellCraftKit in Frameworks */ = {isa = PBXBuildFile; productRef = 503AA0B52F685D3C00D5C113 /* ShellCraftKit */; };
		50ED30082F705AA200E2694B /* GhosttyTheme in Frameworks */ = {isa = PBXBuildFile; productRef = 50ED30072F705AA200E2694B /* GhosttyTheme */; };
		50ED300A2F705AA500E2694B /* GhosttyKit in Frameworks */ = {isa = PBXBuildFile; productRef = 50ED30092F705AA500E2694B /* GhosttyKit */; };
		C68A2AF14262AE7C3DC4060C /* MobileGhosttyAppUITests.swift in Sources */ = {isa = PBXBuildFile; fileRef = 68C547059BAF1C9DCAFE7FE2 /* MobileGhosttyAppUITests.swift */; };
		DEEBCD95DB66BBCD9096631A /* LookInsideServer in Frameworks */ = {isa = PBXBuildFile; productRef = E7CBBDEE39E9517F84BA2E3C /* LookInsideServer */; };
/* End PBXBuildFile section */

/* Begin PBXContainerItemProxy section */
		3CA03EDFA1E2568F213CB7AA /* PBXContainerItemProxy */ = {
			isa = PBXContainerItemProxy;
			containerPortal = 500702E92F6515250016FBBB /* Project object */;
			proxyType = 1;
			remoteGlobalIDString = 500702F02F6515250016FBBB;
			remoteInfo = MobileGhosttyApp;
		};
/* End PBXContainerItemProxy section */

/* Begin PBXFileReference section */
		500702F12F6515250016FBBB /* MobileGhosttyApp.app */ = {isa = PBXFileReference; explicitFileType = wrapper.application; includeInIndex = 0; path = MobileGhosttyApp.app; sourceTree = BUILT_PRODUCTS_DIR; };
		68C547059BAF1C9DCAFE7FE2 /* MobileGhosttyAppUITests.swift */ = {isa = PBXFileReference; includeInIndex = 1; lastKnownFileType = sourcecode.swift; name = MobileGhosttyAppUITests.swift; path = MobileGhosttyAppUITests/MobileGhosttyAppUITests.swift; sourceTree = "<group>"; };
		737546577A3EEF5D79D5E96D /* MobileGhosttyAppUITests.xctest */ = {isa = PBXFileReference; explicitFileType = wrapper.cfbundle; includeInIndex = 0; path = MobileGhosttyAppUITests.xctest; sourceTree = BUILT_PRODUCTS_DIR; };
/* End PBXFileReference section */

/* Begin PBXFileSystemSynchronizedRootGroup section */
		500702F32F6515250016FBBB /* MobileGhosttyApp */ = {
			isa = PBXFileSystemSynchronizedRootGroup;
			exceptions = (
			);
			path = MobileGhosttyApp;
			sourceTree = "<group>";
		};
/* End PBXFileSystemSynchronizedRootGroup section */

/* Begin PBXFrameworksBuildPhase section */
		2A4013FF57A503CE7E1E605E /* Frameworks */ = {
			isa = PBXFrameworksBuildPhase;
			buildActionMask = 2147483647;
			files = (
			);
			runOnlyForDeploymentPostprocessing = 0;
		};
		500702EE2F6515250016FBBB /* Frameworks */ = {
			isa = PBXFrameworksBuildPhase;
			buildActionMask = 2147483647;
			files = (
				50ED300A2F705AA500E2694B /* GhosttyKit in Frameworks */,
				50ED30082F705AA200E2694B /* GhosttyTheme in Frameworks */,
				5007031B2F6515410016FBBB /* GhosttyTerminal in Frameworks */,
				503AA0B62F685D3C00D5C113 /* ShellCraftKit in Frameworks */,
				DEEBCD95DB66BBCD9096631A /* LookInsideServer in Frameworks */,
			);
			runOnlyForDeploymentPostprocessing = 0;
		};
/* End PBXFrameworksBuildPhase section */

/* Begin PBXGroup section */
		500702E82F6515250016FBBB = {
			isa = PBXGroup;
			children = (
				500702F32F6515250016FBBB /* MobileGhosttyApp */,
				500702F22F6515250016FBBB /* Products */,
				503AA0B42F685D3C00D5C113 /* Frameworks */,
				790F6BED2E4FC22BAD60444F /* MobileGhosttyAppUITests */,
			);
			sourceTree = "<group>";
		};
		500702F22F6515250016FBBB /* Products */ = {
			isa = PBXGroup;
			children = (
				500702F12F6515250016FBBB /* MobileGhosttyApp.app */,
				737546577A3EEF5D79D5E96D /* MobileGhosttyAppUITests.xctest */,
			);
			name = Products;
			sourceTree = "<group>";
		};
		503AA0B42F685D3C00D5C113 /* Frameworks */ = {
			isa = PBXGroup;
			children = (
				D97426062120A680B4E5B90A /* iOS */,
			);
			name = Frameworks;
			sourceTree = "<group>";
		};
		790F6BED2E4FC22BAD60444F /* MobileGhosttyAppUITests */ = {
			isa = PBXGroup;
			children = (
				68C547059BAF1C9DCAFE7FE2 /* MobileGhosttyAppUITests.swift */,
			);
			name = MobileGhosttyAppUITests;
			sourceTree = "<group>";
		};
		D97426062120A680B4E5B90A /* iOS */ = {
			isa = PBXGroup;
			children = (
			);
			name = iOS;
			sourceTree = "<group>";
		};
/* End PBXGroup section */

/* Begin PBXNativeTarget section */
		500702F02F6515250016FBBB /* MobileGhosttyApp */ = {
			isa = PBXNativeTarget;
			buildConfigurationList = 500703042F6515260016FBBB /* Build configuration list for PBXNativeTarget "MobileGhosttyApp" */;
			buildPhases = (
				500702ED2F6515250016FBBB /* Sources */,
				500702EE2F6515250016FBBB /* Frameworks */,
				500702EF2F6515250016FBBB /* Resources */,
				C0DE00102F810001C0DEC0DE /* Normalize Catalyst libghostty Framework */,
			);
			buildRules = (
			);
			dependencies = (
			);
			fileSystemSynchronizedGroups = (
				500702F32F6515250016FBBB /* MobileGhosttyApp */,
			);
			name = MobileGhosttyApp;
			packageProductDependencies = (
				5007031A2F6515410016FBBB /* GhosttyTerminal */,
				503AA0B52F685D3C00D5C113 /* ShellCraftKit */,
				50ED30072F705AA200E2694B /* GhosttyTheme */,
				50ED30092F705AA500E2694B /* GhosttyKit */,
				E7CBBDEE39E9517F84BA2E3C /* LookInsideServer */,
			);
			productName = MobileGhosttyApp;
			productReference = 500702F12F6515250016FBBB /* MobileGhosttyApp.app */;
			productType = "com.apple.product-type.application";
		};
		786CF1937AD2C0B4FD6675B4 /* MobileGhosttyAppUITests */ = {
			isa = PBXNativeTarget;
			buildConfigurationList = F7CA56662819CBC7BE2E59CB /* Build configuration list for PBXNativeTarget "MobileGhosttyAppUITests" */;
			buildPhases = (
				ED274598E9EC6CADE8634B2D /* Sources */,
				2A4013FF57A503CE7E1E605E /* Frameworks */,
				88FE9EFEC5BA344F03DDA02D /* Resources */,
			);
			buildRules = (
			);
			dependencies = (
				DE962C5A981CBB01EFEC9FED /* PBXTargetDependency */,
			);
			name = MobileGhosttyAppUITests;
			productName = MobileGhosttyAppUITests;
			productReference = 737546577A3EEF5D79D5E96D /* MobileGhosttyAppUITests.xctest */;
			productType = "com.apple.product-type.bundle.ui-testing";
		};
/* End PBXNativeTarget section */

/* Begin PBXProject section */
		500702E92F6515250016FBBB /* Project object */ = {
			isa = PBXProject;
			attributes = {
				BuildIndependentTargetsInParallel = 1;
				LastSwiftUpdateCheck = 2630;
				LastUpgradeCheck = 2630;
				TargetAttributes = {
					500702F02F6515250016FBBB = {
						CreatedOnToolsVersion = 26.3;
					};
				};
			};
			buildConfigurationList = 500702EC2F6515250016FBBB /* Build configuration list for PBXProject "MobileGhosttyApp" */;
			developmentRegion = en;
			hasScannedForEncodings = 0;
			knownRegions = (
				en,
				Base,
			);
			mainGroup = 500702E82F6515250016FBBB;
			minimizedProjectReferenceProxies = 1;
			packageReferences = (
				5007031C2F651A000016FBBB /* XCLocalSwiftPackageReference ".." */,
				8C36D4B35E5DAFEBFE447709 /* XCRemoteSwiftPackageReference "LookInside-Release" */,
			);
			preferredProjectObjectVersion = 77;
			productRefGroup = 500702F22F6515250016FBBB /* Products */;
			projectDirPath = "";
			projectRoot = "";
			targets = (
				500702F02F6515250016FBBB /* MobileGhosttyApp */,
				786CF1937AD2C0B4FD6675B4 /* MobileGhosttyAppUITests */,
			);
		};
/* End PBXProject section */

/* Begin PBXResourcesBuildPhase section */
		500702EF2F6515250016FBBB /* Resources */ = {
			isa = PBXResourcesBuildPhase;
			buildActionMask = 2147483647;
			files = (
			);
			runOnlyForDeploymentPostprocessing = 0;
		};
		88FE9EFEC5BA344F03DDA02D /* Resources */ = {
			isa = PBXResourcesBuildPhase;
			buildActionMask = 2147483647;
			files = (
			);
			runOnlyForDeploymentPostprocessing = 0;
		};
/* End PBXResourcesBuildPhase section */

/* Begin PBXShellScriptBuildPhase section */
		C0DE00102F810001C0DEC0DE /* Normalize Catalyst libghostty Framework */ = {
			isa = PBXShellScriptBuildPhase;
			alwaysOutOfDate = 1;
			buildActionMask = 2147483647;
			files = (
			);
			inputFileListPaths = (
			);
			inputPaths = (
			);
			name = "Normalize Catalyst libghostty Framework";
			outputFileListPaths = (
			);
			outputPaths = (
			);
			runOnlyForDeploymentPostprocessing = 0;
			shellPath = /bin/sh;
			shellScript = "if [ \"$CONFIGURATION\" = \"Debug\" ] && [ \"$EFFECTIVE_PLATFORM_NAME\" = \"-maccatalyst\" ]; then\n  framework=\"$TARGET_BUILD_DIR/$WRAPPER_NAME/Contents/Frameworks/libghostty.framework\"\n  if [ -f \"$framework/Info.plist\" ] && [ ! -d \"$framework/Versions\" ]; then\n    mkdir -p \"$framework/Versions/A/Resources\"\n    mv \"$framework/Info.plist\" \"$framework/Versions/A/Resources/Info.plist\"\n    mv \"$framework/libghostty\" \"$framework/Versions/A/libghostty\"\n    rm -rf \"$framework/_CodeSignature\"\n    ln -sfn A \"$framework/Versions/Current\"\n    ln -sfn Versions/Current/Resources \"$framework/Resources\"\n    ln -sfn Versions/Current/libghostty \"$framework/libghostty\"\n    identity=\"${EXPANDED_CODE_SIGN_IDENTITY:--}\"\n    /usr/bin/codesign --force --sign \"$identity\" --timestamp=none \"$framework\"\n  fi\nfi\n";
		};
/* End PBXShellScriptBuildPhase section */

/* Begin PBXSourcesBuildPhase section */
		500702ED2F6515250016FBBB /* Sources */ = {
			isa = PBXSourcesBuildPhase;
			buildActionMask = 2147483647;
			files = (
			);
			runOnlyForDeploymentPostprocessing = 0;
		};
		ED274598E9EC6CADE8634B2D /* Sources */ = {
			isa = PBXSourcesBuildPhase;
			buildActionMask = 2147483647;
			files = (
				C68A2AF14262AE7C3DC4060C /* MobileGhosttyAppUITests.swift in Sources */,
			);
			runOnlyForDeploymentPostprocessing = 0;
		};
/* End PBXSourcesBuildPhase section */

/* Begin PBXTargetDependency section */
		DE962C5A981CBB01EFEC9FED /* PBXTargetDependency */ = {
			isa = PBXTargetDependency;
			name = MobileGhosttyApp;
			target = 500702F02F6515250016FBBB /* MobileGhosttyApp */;
			targetProxy = 3CA03EDFA1E2568F213CB7AA /* PBXContainerItemProxy */;
		};
/* End PBXTargetDependency section */

/* Begin XCBuildConfiguration section */
		500703052F6515260016FBBB /* Debug */ = {
			isa = XCBuildConfiguration;
			buildSettings = {
				ASSETCATALOG_COMPILER_APPICON_NAME = AppIcon;
				CODE_SIGN_STYLE = Automatic;
				CURRENT_PROJECT_VERSION = 1;
				DEVELOPMENT_TEAM = 964G86XT2P;
				ENABLE_APP_SANDBOX = YES;
				ENABLE_INCOMING_NETWORK_CONNECTIONS = NO;
				ENABLE_OUTGOING_NETWORK_CONNECTIONS = NO;
				ENABLE_RESOURCE_ACCESS_AUDIO_INPUT = NO;
				ENABLE_RESOURCE_ACCESS_BLUETOOTH = NO;
				ENABLE_RESOURCE_ACCESS_CALENDARS = NO;
				ENABLE_RESOURCE_ACCESS_CAMERA = NO;
				ENABLE_RESOURCE_ACCESS_CONTACTS = NO;
				ENABLE_RESOURCE_ACCESS_LOCATION = NO;
				ENABLE_RESOURCE_ACCESS_PRINTING = NO;
				ENABLE_RESOURCE_ACCESS_USB = NO;
				ENABLE_USER_SCRIPT_SANDBOXING = NO;
				GENERATE_INFOPLIST_FILE = YES;
				INFOPLIST_KEY_LSApplicationCategoryType = "public.app-category.developer-tools";
				INFOPLIST_KEY_UIApplicationSupportsIndirectInputEvents = YES;
				INFOPLIST_KEY_UILaunchScreen_Generation = YES;
				INFOPLIST_KEY_UISupportedInterfaceOrientations_iPad = "UIInterfaceOrientationPortrait UIInterfaceOrientationPortraitUpsideDown UIInterfaceOrientationLandscapeLeft UIInterfaceOrientationLandscapeRight";
				INFOPLIST_KEY_UISupportedInterfaceOrientations_iPhone = "UIInterfaceOrientationPortrait UIInterfaceOrientationLandscapeLeft UIInterfaceOrientationLandscapeRight";
				IPHONEOS_DEPLOYMENT_TARGET = 16.0;
				LD_RUNPATH_SEARCH_PATHS = (
					"$(inherited)",
					"@executable_path/Frameworks",
				);
				MARKETING_VERSION = 1.0;
				PRODUCT_BUNDLE_IDENTIFIER = wiki.qaq.MobileGhosttyApp;
				PRODUCT_NAME = "$(TARGET_NAME)";
				STRING_CATALOG_GENERATE_SYMBOLS = YES;
				SUPPORTED_PLATFORMS = "iphoneos iphonesimulator";
				SUPPORTS_MACCATALYST = YES;
				SUPPORTS_XR_DESIGNED_FOR_IPHONE_IPAD = NO;
				SWIFT_APPROACHABLE_CONCURRENCY = YES;
				SWIFT_DEFAULT_ACTOR_ISOLATION = MainActor;
				SWIFT_EMIT_LOC_STRINGS = YES;
				SWIFT_UPCOMING_FEATURE_MEMBER_IMPORT_VISIBILITY = YES;
				SWIFT_VERSION = 5.0;
				TARGETED_DEVICE_FAMILY = "1,2";
				VALIDATE_PRODUCT = NO;
			};
			name = Debug;
		};
		500703062F6515260016FBBB /* Release */ = {
			isa = XCBuildConfiguration;
			buildSettings = {
				ASSETCATALOG_COMPILER_APPICON_NAME = AppIcon;
				CODE_SIGN_STYLE = Automatic;
				CURRENT_PROJECT_VERSION = 1;
				DEVELOPMENT_TEAM = 964G86XT2P;
				ENABLE_APP_SANDBOX = YES;
				ENABLE_INCOMING_NETWORK_CONNECTIONS = NO;
				ENABLE_OUTGOING_NETWORK_CONNECTIONS = NO;
				ENABLE_RESOURCE_ACCESS_AUDIO_INPUT = NO;
				ENABLE_RESOURCE_ACCESS_BLUETOOTH = NO;
				ENABLE_RESOURCE_ACCESS_CALENDARS = NO;
				ENABLE_RESOURCE_ACCESS_CAMERA = NO;
				ENABLE_RESOURCE_ACCESS_CONTACTS = NO;
				ENABLE_RESOURCE_ACCESS_LOCATION = NO;
				ENABLE_RESOURCE_ACCESS_PRINTING = NO;
				ENABLE_RESOURCE_ACCESS_USB = NO;
				EXCLUDED_SOURCE_FILE_NAMES = (
					"$(inherited)",
					"LookInsideServer*",
				);
				GENERATE_INFOPLIST_FILE = YES;
				INFOPLIST_KEY_LSApplicationCategoryType = "public.app-category.developer-tools";
				INFOPLIST_KEY_UIApplicationSupportsIndirectInputEvents = YES;
				INFOPLIST_KEY_UISupportedInterfaceOrientations_iPad = "UIInterfaceOrientationPortrait UIInterfaceOrientationPortraitUpsideDown UIInterfaceOrientationLandscapeLeft UIInterfaceOrientationLandscapeRight";
				INFOPLIST_KEY_UISupportedInterfaceOrientations_iPhone = "UIInterfaceOrientationPortrait UIInterfaceOrientationLandscapeLeft UIInterfaceOrientationLandscapeRight";
				IPHONEOS_DEPLOYMENT_TARGET = 16.0;
				LD_RUNPATH_SEARCH_PATHS = (
					"$(inherited)",
					"@executable_path/Frameworks",
				);
				MARKETING_VERSION = 1.0;
				PRODUCT_BUNDLE_IDENTIFIER = wiki.qaq.MobileGhosttyApp;
				PRODUCT_NAME = "$(TARGET_NAME)";
				STRING_CATALOG_GENERATE_SYMBOLS = YES;
				SUPPORTED_PLATFORMS = "iphoneos iphonesimulator";
				SUPPORTS_MACCATALYST = YES;
				SUPPORTS_XR_DESIGNED_FOR_IPHONE_IPAD = NO;
				SWIFT_APPROACHABLE_CONCURRENCY = YES;
				SWIFT_DEFAULT_ACTOR_ISOLATION = MainActor;
				SWIFT_EMIT_LOC_STRINGS = YES;
				SWIFT_UPCOMING_FEATURE_MEMBER_IMPORT_VISIBILITY = YES;
				SWIFT_VERSION = 5.0;
				TARGETED_DEVICE_FAMILY = "1,2";
			};
			name = Release;
		};
		500703072F6515260016FBBB /* Debug */ = {
			isa = XCBuildConfiguration;
			buildSettings = {
				ALWAYS_SEARCH_USER_PATHS = NO;
				ASSETCATALOG_COMPILER_GENERATE_SWIFT_ASSET_SYMBOL_EXTENSIONS = YES;
				CLANG_ANALYZER_NONNULL = YES;
				CLANG_ANALYZER_NUMBER_OBJECT_CONVERSION = YES_AGGRESSIVE;
				CLANG_CXX_LANGUAGE_STANDARD = "gnu++20";
				CLANG_ENABLE_MODULES = YES;
				CLANG_ENABLE_OBJC_ARC = YES;
				CLANG_ENABLE_OBJC_WEAK = YES;
				CLANG_WARN_BLOCK_CAPTURE_AUTORELEASING = YES;
				CLANG_WARN_BOOL_CONVERSION = YES;
				CLANG_WARN_COMMA = YES;
				CLANG_WARN_CONSTANT_CONVERSION = YES;
				CLANG_WARN_DEPRECATED_OBJC_IMPLEMENTATIONS = YES;
				CLANG_WARN_DIRECT_OBJC_ISA_USAGE = YES_ERROR;
				CLANG_WARN_DOCUMENTATION_COMMENTS = YES;
				CLANG_WARN_EMPTY_BODY = YES;
				CLANG_WARN_ENUM_CONVERSION = YES;
				CLANG_WARN_INFINITE_RECURSION = YES;
				CLANG_WARN_INT_CONVERSION = YES;
				CLANG_WARN_NON_LITERAL_NULL_CONVERSION = YES;
				CLANG_WARN_OBJC_IMPLICIT_RETAIN_SELF = YES;
				CLANG_WARN_OBJC_LITERAL_CONVERSION = YES;
				CLANG_WARN_OBJC_ROOT_CLASS = YES_ERROR;
				CLANG_WARN_QUOTED_INCLUDE_IN_FRAMEWORK_HEADER = YES;
				CLANG_WARN_RANGE_LOOP_ANALYSIS = YES;
				CLANG_WARN_STRICT_PROTOTYPES = YES;
				CLANG_WARN_SUSPICIOUS_MOVE = YES;
				CLANG_WARN_UNGUARDED_AVAILABILITY = YES_AGGRESSIVE;
				CLANG_WARN_UNREACHABLE_CODE = YES;
				CLANG_WARN__DUPLICATE_METHOD_MATCH = YES;
				COPY_PHASE_STRIP = NO;
				DEBUG_INFORMATION_FORMAT = dwarf;
				DEVELOPMENT_TEAM = 964G86XT2P;
				ENABLE_STRICT_OBJC_MSGSEND = YES;
				ENABLE_TESTABILITY = YES;
				ENABLE_USER_SCRIPT_SANDBOXING = YES;
				GCC_C_LANGUAGE_STANDARD = gnu17;
				GCC_DYNAMIC_NO_PIC = NO;
				GCC_NO_COMMON_BLOCKS = YES;
				GCC_OPTIMIZATION_LEVEL = 0;
				GCC_PREPROCESSOR_DEFINITIONS = (
					"DEBUG=1",
					"$(inherited)",
				);
				GCC_WARN_64_TO_32_BIT_CONVERSION = YES;
				GCC_WARN_ABOUT_RETURN_TYPE = YES_ERROR;
				GCC_WARN_UNDECLARED_SELECTOR = YES;
				GCC_WARN_UNINITIALIZED_AUTOS = YES_AGGRESSIVE;
				GCC_WARN_UNUSED_FUNCTION = YES;
				GCC_WARN_UNUSED_VARIABLE = YES;
				IPHONEOS_DEPLOYMENT_TARGET = 16.0;
				LOCALIZATION_PREFERS_STRING_CATALOGS = YES;
				MTL_ENABLE_DEBUG_INFO = INCLUDE_SOURCE;
				MTL_FAST_MATH = YES;
				ONLY_ACTIVE_ARCH = YES;
				SDKROOT = iphoneos;
				SWIFT_ACTIVE_COMPILATION_CONDITIONS = "DEBUG $(inherited)";
				SWIFT_OPTIMIZATION_LEVEL = "-Onone";
			};
			name = Debug;
		};
		500703082F6515260016FBBB /* Release */ = {
			isa = XCBuildConfiguration;
			buildSettings = {
				ALWAYS_SEARCH_USER_PATHS = NO;
				ASSETCATALOG_COMPILER_GENERATE_SWIFT_ASSET_SYMBOL_EXTENSIONS = YES;
				CLANG_ANALYZER_NONNULL = YES;
				CLANG_ANALYZER_NUMBER_OBJECT_CONVERSION = YES_AGGRESSIVE;
				CLANG_CXX_LANGUAGE_STANDARD = "gnu++20";
				CLANG_ENABLE_MODULES = YES;
				CLANG_ENABLE_OBJC_ARC = YES;
				CLANG_ENABLE_OBJC_WEAK = YES;
				CLANG_WARN_BLOCK_CAPTURE_AUTORELEASING = YES;
				CLANG_WARN_BOOL_CONVERSION = YES;
				CLANG_WARN_COMMA = YES;
				CLANG_WARN_CONSTANT_CONVERSION = YES;
				CLANG_WARN_DEPRECATED_OBJC_IMPLEMENTATIONS = YES;
				CLANG_WARN_DIRECT_OBJC_ISA_USAGE = YES_ERROR;
				CLANG_WARN_DOCUMENTATION_COMMENTS = YES;
				CLANG_WARN_EMPTY_BODY = YES;
				CLANG_WARN_ENUM_CONVERSION = YES;
				CLANG_WARN_INFINITE_RECURSION = YES;
				CLANG_WARN_INT_CONVERSION = YES;
				CLANG_WARN_NON_LITERAL_NULL_CONVERSION = YES;
				CLANG_WARN_OBJC_IMPLICIT_RETAIN_SELF = YES;
				CLANG_WARN_OBJC_LITERAL_CONVERSION = YES;
				CLANG_WARN_OBJC_ROOT_CLASS = YES_ERROR;
				CLANG_WARN_QUOTED_INCLUDE_IN_FRAMEWORK_HEADER = YES;
				CLANG_WARN_RANGE_LOOP_ANALYSIS = YES;
				CLANG_WARN_STRICT_PROTOTYPES = YES;
				CLANG_WARN_SUSPICIOUS_MOVE = YES;
				CLANG_WARN_UNGUARDED_AVAILABILITY = YES_AGGRESSIVE;
				CLANG_WARN_UNREACHABLE_CODE = YES;
				CLANG_WARN__DUPLICATE_METHOD_MATCH = YES;
				COPY_PHASE_STRIP = NO;
				DEBUG_INFORMATION_FORMAT = "dwarf-with-dsym";
				DEVELOPMENT_TEAM = 964G86XT2P;
				ENABLE_NS_ASSERTIONS = NO;
				ENABLE_STRICT_OBJC_MSGSEND = YES;
				ENABLE_USER_SCRIPT_SANDBOXING = YES;
				GCC_C_LANGUAGE_STANDARD = gnu17;
				GCC_NO_COMMON_BLOCKS = YES;
				GCC_WARN_64_TO_32_BIT_CONVERSION = YES;
				GCC_WARN_ABOUT_RETURN_TYPE = YES_ERROR;
				GCC_WARN_UNDECLARED_SELECTOR = YES;
				GCC_WARN_UNINITIALIZED_AUTOS = YES_AGGRESSIVE;
				GCC_WARN_UNUSED_FUNCTION = YES;
				GCC_WARN_UNUSED_VARIABLE = YES;
				IPHONEOS_DEPLOYMENT_TARGET = 16.0;
				LOCALIZATION_PREFERS_STRING_CATALOGS = YES;
				MTL_ENABLE_DEBUG_INFO = NO;
				MTL_FAST_MATH = YES;
				SDKROOT = iphoneos;
				SWIFT_COMPILATION_MODE = wholemodule;
				VALIDATE_PRODUCT = YES;
			};
			name = Release;
		};
		7F18E83E62B31AA075063D6B /* Release */ = {
			isa = XCBuildConfiguration;
			buildSettings = {
				CLANG_ENABLE_OBJC_WEAK = NO;
				CODE_SIGN_STYLE = Automatic;
				DEVELOPMENT_TEAM = 964G86XT2P;
				ENABLE_TESTABILITY = YES;
				GENERATE_INFOPLIST_FILE = YES;
				IPHONEOS_DEPLOYMENT_TARGET = 16.0;
				LD_RUNPATH_SEARCH_PATHS = (
					"$(inherited)",
					"@executable_path/Frameworks",
					"@loader_path/Frameworks",
				);
				PRODUCT_BUNDLE_IDENTIFIER = wiki.qaq.MobileGhosttyAppUITests;
				PRODUCT_NAME = "$(TARGET_NAME)";
				SDKROOT = iphoneos;
				SUPPORTED_PLATFORMS = "iphoneos iphonesimulator";
				SUPPORTS_MACCATALYST = YES;
				SWIFT_VERSION = 5.0;
				TARGETED_DEVICE_FAMILY = "1,2";
				TEST_TARGET_NAME = MobileGhosttyApp;
				VALIDATE_PRODUCT = YES;
			};
			name = Release;
		};
		A8F2FA922D208BB29A939C68 /* Debug */ = {
			isa = XCBuildConfiguration;
			buildSettings = {
				CLANG_ENABLE_OBJC_WEAK = NO;
				CODE_SIGN_STYLE = Automatic;
				DEVELOPMENT_TEAM = 964G86XT2P;
				ENABLE_TESTABILITY = YES;
				GENERATE_INFOPLIST_FILE = YES;
				IPHONEOS_DEPLOYMENT_TARGET = 16.0;
				LD_RUNPATH_SEARCH_PATHS = (
					"$(inherited)",
					"@executable_path/Frameworks",
					"@loader_path/Frameworks",
				);
				PRODUCT_BUNDLE_IDENTIFIER = wiki.qaq.MobileGhosttyAppUITests;
				PRODUCT_NAME = "$(TARGET_NAME)";
				SDKROOT = iphoneos;
				SUPPORTED_PLATFORMS = "iphoneos iphonesimulator";
				SUPPORTS_MACCATALYST = YES;
				SWIFT_VERSION = 5.0;
				TARGETED_DEVICE_FAMILY = "1,2";
				TEST_TARGET_NAME = MobileGhosttyApp;
			};
			name = Debug;
		};
/* End XCBuildConfiguration section */

/* Begin XCConfigurationList section */
		500702EC2F6515250016FBBB /* Build configuration list for PBXProject "MobileGhosttyApp" */ = {
			isa = XCConfigurationList;
			buildConfigurations = (
				500703072F6515260016FBBB /* Debug */,
				500703082F6515260016FBBB /* Release */,
			);
			defaultConfigurationIsVisible = 0;
			defaultConfigurationName = Release;
		};
		500703042F6515260016FBBB /* Build configuration list for PBXNativeTarget "MobileGhosttyApp" */ = {
			isa = XCConfigurationList;
			buildConfigurations = (
				500703052F6515260016FBBB /* Debug */,
				500703062F6515260016FBBB /* Release */,
			);
			defaultConfigurationIsVisible = 0;
			defaultConfigurationName = Release;
		};
		F7CA56662819CBC7BE2E59CB /* Build configuration list for PBXNativeTarget "MobileGhosttyAppUITests" */ = {
			isa = XCConfigurationList;
			buildConfigurations = (
				7F18E83E62B31AA075063D6B /* Release */,
				A8F2FA922D208BB29A939C68 /* Debug */,
			);
			defaultConfigurationIsVisible = 0;
			defaultConfigurationName = Release;
		};
/* End XCConfigurationList section */

/* Begin XCLocalSwiftPackageReference section */
		5007031C2F651A000016FBBB /* XCLocalSwiftPackageReference ".." */ = {
			isa = XCLocalSwiftPackageReference;
			relativePath = ..;
		};
/* End XCLocalSwiftPackageReference section */

/* Begin XCRemoteSwiftPackageReference section */
		8C36D4B35E5DAFEBFE447709 /* XCRemoteSwiftPackageReference "LookInside-Release" */ = {
			isa = XCRemoteSwiftPackageReference;
			repositoryURL = "https://github.com/LookInsideApp/LookInside-Release.git";
			requirement = {
				kind = upToNextMajorVersion;
				minimumVersion = 0.2.2;
			};
		};
/* End XCRemoteSwiftPackageReference section */

/* Begin XCSwiftPackageProductDependency section */
		5007031A2F6515410016FBBB /* GhosttyTerminal */ = {
			isa = XCSwiftPackageProductDependency;
			package = 5007031C2F651A000016FBBB /* XCLocalSwiftPackageReference ".." */;
			productName = GhosttyTerminal;
		};
		503AA0B52F685D3C00D5C113 /* ShellCraftKit */ = {
			isa = XCSwiftPackageProductDependency;
			productName = ShellCraftKit;
		};
		50ED30072F705AA200E2694B /* GhosttyTheme */ = {
			isa = XCSwiftPackageProductDependency;
			productName = GhosttyTheme;
		};
		50ED30092F705AA500E2694B /* GhosttyKit */ = {
			isa = XCSwiftPackageProductDependency;
			productName = GhosttyKit;
		};
		E7CBBDEE39E9517F84BA2E3C /* LookInsideServer */ = {
			isa = XCSwiftPackageProductDependency;
			package = 8C36D4B35E5DAFEBFE447709 /* XCRemoteSwiftPackageReference "LookInside-Release" */;
			productName = LookInsideServer;
		};
/* End XCSwiftPackageProductDependency section */
	};
	rootObject = 500702E92F6515250016FBBB /* Project object */;
}
